// !$*UTF8*$!
{
	archiveVersion = 1;
	classes = {
	};
	objectVersion = 48;
	objects = {

/* Begin PBXBuildFile section */
		262A8A9D207C93C600BB3423 /* MessageCell.swift in Sources */ = {isa = PBXBuildFile; fileRef = 262A8A9C207C93C600BB3423 /* MessageCell.swift */; };
		262A8A9F207D854E00BB3423 /* MessageTable.swift in Sources */ = {isa = PBXBuildFile; fileRef = 262A8A9E207D854E00BB3423 /* MessageTable.swift */; };
		26F716F2207EAA1800FB72ED /* LikeButton.swift in Sources */ = {isa = PBXBuildFile; fileRef = 26F716F1207EAA1800FB72ED /* LikeButton.swift */; };
		83D948302073BADA00870EEF /* AppDelegate.swift in Sources */ = {isa = PBXBuildFile; fileRef = 83D9482F2073BADA00870EEF /* AppDelegate.swift */; };
		83D948322073BADA00870EEF /* ChatController.swift in Sources */ = {isa = PBXBuildFile; fileRef = 83D948312073BADA00870EEF /* ChatController.swift */; };
		83D948352073BADA00870EEF /* Main.storyboard in Resources */ = {isa = PBXBuildFile; fileRef = 83D948332073BADA00870EEF /* Main.storyboard */; };
		83D948372073BADA00870EEF /* Assets.xcassets in Resources */ = {isa = PBXBuildFile; fileRef = 83D948362073BADA00870EEF /* Assets.xcassets */; };
		83D9483A2073BADA00870EEF /* LaunchScreen.storyboard in Resources */ = {isa = PBXBuildFile; fileRef = 83D948382073BADA00870EEF /* LaunchScreen.storyboard */; };
		83D948422073E0EE00870EEF /* api.swift in Sources */ = {isa = PBXBuildFile; fileRef = 83D948412073E0EE00870EEF /* api.swift */; };
		83D948442073E21200870EEF /* Message.swift in Sources */ = {isa = PBXBuildFile; fileRef = 83D948432073E21200870EEF /* Message.swift */; };
		F36B3C603F9C545951EEA91E /* Pods_chitchat.framework in Frameworks */ = {isa = PBXBuildFile; fileRef = 7CC1B1F0CB53C3A0C8CDA855 /* Pods_chitchat.framework */; };
/* End PBXBuildFile section */

/* Begin PBXFileReference section */
		262A8A9C207C93C600BB3423 /* MessageCell.swift */ = {isa = PBXFileReference; lastKnownFileType = sourcecode.swift; path = MessageCell.swift; sourceTree = "<group>"; };
		262A8A9E207D854E00BB3423 /* MessageTable.swift */ = {isa = PBXFileReference; lastKnownFileType = sourcecode.swift; path = MessageTable.swift; sourceTree = "<group>"; };
		26F716F1207EAA1800FB72ED /* LikeButton.swift */ = {isa = PBXFileReference; lastKnownFileType = sourcecode.swift; path = LikeButton.swift; sourceTree = "<group>"; };
		719511036B8AFA5D8CEA090D /* Pods-chitchat.debug.xcconfig */ = {isa = PBXFileReference; includeInIndex = 1; lastKnownFileType = text.xcconfig; name = "Pods-chitchat.debug.xcconfig"; path = "Pods/Target Support Files/Pods-chitchat/Pods-chitchat.debug.xcconfig"; sourceTree = "<group>"; };
		7CC1B1F0CB53C3A0C8CDA855 /* Pods_chitchat.framework */ = {isa = PBXFileReference; explicitFileType = wrapper.framework; includeInIndex = 0; path = Pods_chitchat.framework; sourceTree = BUILT_PRODUCTS_DIR; };
		83D9482C2073BADA00870EEF /* chitchat.app */ = {isa = PBXFileReference; explicitFileType = wrapper.application; includeInIndex = 0; path = chitchat.app; sourceTree = BUILT_PRODUCTS_DIR; };
		83D9482F2073BADA00870EEF /* AppDelegate.swift */ = {isa = PBXFileReference; lastKnownFileType = sourcecode.swift; path = AppDelegate.swift; sourceTree = "<group>"; };
		83D948312073BADA00870EEF /* ChatController.swift */ = {isa = PBXFileReference; lastKnownFileType = sourcecode.swift; path = ChatController.swift; sourceTree = "<group>"; };
		83D948342073BADA00870EEF /* Base */ = {isa = PBXFileReference; lastKnownFileType = file.storyboard; name = Base; path = Base.lproj/Main.storyboard; sourceTree = "<group>"; };
		83D948362073BADA00870EEF /* Assets.xcassets */ = {isa = PBXFileReference; lastKnownFileType = folder.assetcatalog; path = Assets.xcassets; sourceTree = "<group>"; };
		83D948392073BADA00870EEF /* Base */ = {isa = PBXFileReference; lastKnownFileType = file.storyboard; name = Base; path = Base.lproj/LaunchScreen.storyboard; sourceTree = "<group>"; };
		83D9483B2073BADA00870EEF /* Info.plist */ = {isa = PBXFileReference; lastKnownFileType = text.plist.xml; path = Info.plist; sourceTree = "<group>"; };
		83D948412073E0EE00870EEF /* api.swift */ = {isa = PBXFileReference; lastKnownFileType = sourcecode.swift; path = api.swift; sourceTree = "<group>"; };
		83D948432073E21200870EEF /* Message.swift */ = {isa = PBXFileReference; lastKnownFileType = sourcecode.swift; path = Message.swift; sourceTree = "<group>"; };
		8658FC4F4E960F93C9C9AF87 /* Pods-chitchat.release.xcconfig */ = {isa = PBXFileReference; includeInIndex = 1; lastKnownFileType = text.xcconfig; name = "Pods-chitchat.release.xcconfig"; path = "Pods/Target Support Files/Pods-chitchat/Pods-chitchat.release.xcconfig"; sourceTree = "<group>"; };
/* End PBXFileReference section */

/* Begin PBXFrameworksBuildPhase section */
		83D948292073BADA00870EEF /* Frameworks */ = {
			isa = PBXFrameworksBuildPhase;
			buildActionMask = 2147483647;
			files = (
				F36B3C603F9C545951EEA91E /* Pods_chitchat.framework in Frameworks */,
			);
			runOnlyForDeploymentPostprocessing = 0;
		};
/* End PBXFrameworksBuildPhase section */

/* Begin PBXGroup section */
		83D948232073BADA00870EEF = {
			isa = PBXGroup;
			children = (
				83D9482E2073BADA00870EEF /* chitchat */,
				83D9482D2073BADA00870EEF /* Products */,
				A3F3534434263B9E171B77DB /* Pods */,
				BCB999A315040A52F069F99E /* Frameworks */,
			);
			sourceTree = "<group>";
		};
		83D9482D2073BADA00870EEF /* Products */ = {
			isa = PBXGroup;
			children = (
				83D9482C2073BADA00870EEF /* chitchat.app */,
			);
			name = Products;
			sourceTree = "<group>";
		};
		83D9482E2073BADA00870EEF /* chitchat */ = {
			isa = PBXGroup;
			children = (
				83D9482F2073BADA00870EEF /* AppDelegate.swift */,
				83D948312073BADA00870EEF /* ChatController.swift */,
				262A8A9E207D854E00BB3423 /* MessageTable.swift */,
				262A8A9C207C93C600BB3423 /* MessageCell.swift */,
				83D948332073BADA00870EEF /* Main.storyboard */,
				26F716F1207EAA1800FB72ED /* LikeButton.swift */,
				83D948362073BADA00870EEF /* Assets.xcassets */,
				83D948382073BADA00870EEF /* LaunchScreen.storyboard */,
				83D9483B2073BADA00870EEF /* Info.plist */,
				83D948412073E0EE00870EEF /* api.swift */,
				83D948432073E21200870EEF /* Message.swift */,
			);
			path = chitchat;
			sourceTree = "<group>";
		};
		A3F3534434263B9E171B77DB /* Pods */ = {
			isa = PBXGroup;
			children = (
				719511036B8AFA5D8CEA090D /* Pods-chitchat.debug.xcconfig */,
				8658FC4F4E960F93C9C9AF87 /* Pods-chitchat.release.xcconfig */,
			);
			name = Pods;
			sourceTree = "<group>";
		};
		BCB999A315040A52F069F99E /* Frameworks */ = {
			isa = PBXGroup;
			children = (
				7CC1B1F0CB53C3A0C8CDA855 /* Pods_chitchat.framework */,
			);
			name = Frameworks;
			sourceTree = "<group>";
		};
/* End PBXGroup section */

/* Begin PBXNativeTarget section */
		83D9482B2073BADA00870EEF /* chitchat */ = {
			isa = PBXNativeTarget;
			buildConfigurationList = 83D9483E2073BADA00870EEF /* Build configuration list for PBXNativeTarget "chitchat" */;
			buildPhases = (
				884D562B51E1DC3A3B8B47AC /* [CP] Check Pods Manifest.lock */,
				83D948282073BADA00870EEF /* Sources */,
				83D948292073BADA00870EEF /* Frameworks */,
				83D9482A2073BADA00870EEF /* Resources */,
				7A6AB67C3A2772584C39A80F /* [CP] Embed Pods Frameworks */,
				578C046A50ED75DD258969CF /* [CP] Copy Pods Resources */,
			);
			buildRules = (
			);
			dependencies = (
			);
			name = chitchat;
			productName = chitchat;
			productReference = 83D9482C2073BADA00870EEF /* chitchat.app */;
			productType = "com.apple.product-type.application";
		};
/* End PBXNativeTarget section */

/* Begin PBXProject section */
		83D948242073BADA00870EEF /* Project object */ = {
			isa = PBXProject;
			attributes = {
				LastSwiftUpdateCheck = 0920;
				LastUpgradeCheck = 0920;
				ORGANIZATIONNAME = "Chris Bendel";
				TargetAttributes = {
					83D9482B2073BADA00870EEF = {
						CreatedOnToolsVersion = 9.2;
						ProvisioningStyle = Automatic;
					};
				};
			};
			buildConfigurationList = 83D948272073BADA00870EEF /* Build configuration list for PBXProject "chitchat" */;
			compatibilityVersion = "Xcode 8.0";
			developmentRegion = en;
			hasScannedForEncodings = 0;
			knownRegions = (
				en,
				Base,
			);
			mainGroup = 83D948232073BADA00870EEF;
			productRefGroup = 83D9482D2073BADA00870EEF /* Products */;
			projectDirPath = "";
			projectRoot = "";
			targets = (
				83D9482B2073BADA00870EEF /* chitchat */,
			);
		};
/* End PBXProject section */

/* Begin PBXResourcesBuildPhase section */
		83D9482A2073BADA00870EEF /* Resources */ = {
			isa = PBXResourcesBuildPhase;
			buildActionMask = 2147483647;
			files = (
				83D9483A2073BADA00870EEF /* LaunchScreen.storyboard in Resources */,
				83D948372073BADA00870EEF /* Assets.xcassets in Resources */,
				83D948352073BADA00870EEF /* Main.storyboard in Resources */,
			);
			runOnlyForDeploymentPostprocessing = 0;
		};
/* End PBXResourcesBuildPhase section */

/* Begin PBXShellScriptBuildPhase section */
		578C046A50ED75DD258969CF /* [CP] Copy Pods Resources */ = {
			isa = PBXShellScriptBuildPhase;
			buildActionMask = 2147483647;
			files = (
			);
			inputPaths = (
			);
			name = "[CP] Copy Pods Resources";
			outputPaths = (
			);
			runOnlyForDeploymentPostprocessing = 0;
			shellPath = /bin/sh;
			shellScript = "\"${SRCROOT}/Pods/Target Support Files/Pods-chitchat/Pods-chitchat-resources.sh\"\n";
			showEnvVarsInLog = 0;
		};
		7A6AB67C3A2772584C39A80F /* [CP] Embed Pods Frameworks */ = {
			isa = PBXShellScriptBuildPhase;
			buildActionMask = 2147483647;
			files = (
			);
			inputPaths = (
				"${SRCROOT}/Pods/Target Support Files/Pods-chitchat/Pods-chitchat-frameworks.sh",
				"${BUILT_PRODUCTS_DIR}/IQKeyboardManagerSwift/IQKeyboardManagerSwift.framework",
				"${BUILT_PRODUCTS_DIR}/Kingfisher/Kingfisher.framework",
				"${BUILT_PRODUCTS_DIR}/SwipeCellKit/SwipeCellKit.framework",
			);
			name = "[CP] Embed Pods Frameworks";
			outputPaths = (
				"${TARGET_BUILD_DIR}/${FRAMEWORKS_FOLDER_PATH}/IQKeyboardManagerSwift.framework",
				"${TARGET_BUILD_DIR}/${FRAMEWORKS_FOLDER_PATH}/Kingfisher.framework",
				"${TARGET_BUILD_DIR}/${FRAMEWORKS_FOLDER_PATH}/SwipeCellKit.framework",
			);
			runOnlyForDeploymentPostprocessing = 0;
			shellPath = /bin/sh;
			shellScript = "\"${SRCROOT}/Pods/Target Support Files/Pods-chitchat/Pods-chitchat-frameworks.sh\"\n";
			showEnvVarsInLog = 0;
		};
		884D562B51E1DC3A3B8B47AC /* [CP] Check Pods Manifest.lock */ = {
			isa = PBXShellScriptBuildPhase;
			buildActionMask = 2147483647;
			files = (
			);
			inputPaths = (
				"${PODS_PODFILE_DIR_PATH}/Podfile.lock",
				"${PODS_ROOT}/Manifest.lock",
			);
			name = "[CP] Check Pods Manifest.lock";
			outputPaths = (
				"$(DERIVED_FILE_DIR)/Pods-chitchat-checkManifestLockResult.txt",
			);
			runOnlyForDeploymentPostprocessing = 0;
			shellPath = /bin/sh;
			shellScript = "diff \"${PODS_PODFILE_DIR_PATH}/Podfile.lock\" \"${PODS_ROOT}/Manifest.lock\" > /dev/null\nif [ $? != 0 ] ; then\n    # print error to STDERR\n    echo \"error: The sandbox is not in sync with the Podfile.lock. Run 'pod install' or update your CocoaPods installation.\" >&2\n    exit 1\nfi\n# This output is used by Xcode 'outputs' to avoid re-running this script phase.\necho \"SUCCESS\" > \"${SCRIPT_OUTPUT_FILE_0}\"\n";
			showEnvVarsInLog = 0;
		};
/* End PBXShellScriptBuildPhase section */

/* Begin PBXSourcesBuildPhase section */
		83D948282073BADA00870EEF /* Sources */ = {
			isa = PBXSourcesBuildPhase;
			buildActionMask = 2147483647;
			files = (
				262A8A9F207D854E00BB3423 /* MessageTable.swift in Sources */,
				83D948322073BADA00870EEF /* ChatController.swift in Sources */,
				262A8A9D207C93C600BB3423 /* MessageCell.swift in Sources */,
				83D948442073E21200870EEF /* Message.swift in Sources */,
				83D948422073E0EE00870EEF /* api.swift in Sources */,
				83D948302073BADA00870EEF /* AppDelegate.swift in Sources */,
				26F716F2207EAA1800FB72ED /* LikeButton.swift in Sources */,
			);
			runOnlyForDeploymentPostprocessing = 0;
		};
/* End PBXSourcesBuildPhase section */

/* Begin PBXVariantGroup section */
		83D948332073BADA00870EEF /* Main.storyboard */ = {
			isa = PBXVariantGroup;
			children = (
				83D948342073BADA00870EEF /* Base */,
			);
			name = Main.storyboard;
			sourceTree = "<group>";
		};
		83D948382073BADA00870EEF /* LaunchScreen.storyboard */ = {
			isa = PBXVariantGroup;
			children = (
				83D948392073BADA00870EEF /* Base */,
			);
			name = LaunchScreen.storyboard;
			sourceTree = "<group>";
		};
/* End PBXVariantGroup section */

/* Begin XCBuildConfiguration section */
		83D9483C2073BADA00870EEF /* Debug */ = {
			isa = XCBuildConfiguration;
			buildSettings = {
				ALWAYS_SEARCH_USER_PATHS = NO;
				CLANG_ANALYZER_NONNULL = YES;
				CLANG_ANALYZER_NUMBER_OBJECT_CONVERSION = YES_AGGRESSIVE;
				CLANG_CXX_LANGUAGE_STANDARD = "gnu++14";
				CLANG_CXX_LIBRARY = "libc++";
				CLANG_ENABLE_MODULES = YES;
				CLANG_ENABLE_OBJC_ARC = YES;
				CLANG_WARN_BLOCK_CAPTURE_AUTORELEASING = YES;
				CLANG_WARN_BOOL_CONVERSION = YES;
				CLANG_WARN_COMMA = YES;
				CLANG_WARN_CONSTANT_CONVERSION = YES;
				CLANG_WARN_DIRECT_OBJC_ISA_USAGE = YES_ERROR;
				CLANG_WARN_DOCUMENTATION_COMMENTS = YES;
				CLANG_WARN_EMPTY_BODY = YES;
				CLANG_WARN_ENUM_CONVERSION = YES;
				CLANG_WARN_INFINITE_RECURSION = YES;
				CLANG_WARN_INT_CONVERSION = YES;
				CLANG_WARN_NON_LITERAL_NULL_CONVERSION = YES;
				CLANG_WARN_OBJC_LITERAL_CONVERSION = YES;
				CLANG_WARN_OBJC_ROOT_CLASS = YES_ERROR;
				CLANG_WARN_RANGE_LOOP_ANALYSIS = YES;
				CLANG_WARN_STRICT_PROTOTYPES = YES;
				CLANG_WARN_SUSPICIOUS_MOVE = YES;
				CLANG_WARN_UNGUARDED_AVAILABILITY = YES_AGGRESSIVE;
				CLANG_WARN_UNREACHABLE_CODE = YES;
				CLANG_WARN__DUPLICATE_METHOD_MATCH = YES;
				CODE_SIGN_IDENTITY = "iPhone Developer";
				COPY_PHASE_STRIP = NO;
				DEBUG_INFORMATION_FORMAT = dwarf;
				ENABLE_STRICT_OBJC_MSGSEND = YES;
				ENABLE_TESTABILITY = YES;
				GCC_C_LANGUAGE_STANDARD = gnu11;
				GCC_DYNAMIC_NO_PIC = NO;
				GCC_NO_COMMON_BLOCKS = YES;
				GCC_OPTIMIZATION_LEVEL = 0;
				GCC_PREPROCESSOR_DEFINITIONS = (
					"DEBUG=1",
					"$(inherited)",
				);
				GCC_WARN_64_TO_32_BIT_CONVERSION = YES;
				GCC_WARN_ABOUT_RETURN_TYPE = YES_ERROR;
				GCC_WARN_UNDECLARED_SELECTOR = YES;
				GCC_WARN_UNINITIALIZED_AUTOS = YES_AGGRESSIVE;
				GCC_WARN_UNUSED_FUNCTION = YES;
				GCC_WARN_UNUSED_VARIABLE = YES;
				IPHONEOS_DEPLOYMENT_TARGET = 11.2;
				MTL_ENABLE_DEBUG_INFO = YES;
				ONLY_ACTIVE_ARCH = YES;
				SDKROOT = iphoneos;
				SWIFT_ACTIVE_COMPILATION_CONDITIONS = DEBUG;
				SWIFT_OPTIMIZATION_LEVEL = "-Onone";
			};
			name = Debug;
		};
		83D9483D2073BADA00870EEF /* Release */ = {
			isa = XCBuildConfiguration;
			buildSettings = {
				ALWAYS_SEARCH_USER_PATHS = NO;
				CLANG_ANALYZER_NONNULL = YES;
				CLANG_ANALYZER_NUMBER_OBJECT_CONVERSION = YES_AGGRESSIVE;
				CLANG_CXX_LANGUAGE_STANDARD = "gnu++14";
				CLANG_CXX_LIBRARY = "libc++";
				CLANG_ENABLE_MODULES = YES;
				CLANG_ENABLE_OBJC_ARC = YES;
				CLANG_WARN_BLOCK_CAPTURE_AUTORELEASING = YES;
				CLANG_WARN_BOOL_CONVERSION = YES;
				CLANG_WARN_COMMA = YES;
				CLANG_WARN_CONSTANT_CONVERSION = YES;
				CLANG_WARN_DIRECT_OBJC_ISA_USAGE = YES_ERROR;
				CLANG_WARN_DOCUMENTATION_COMMENTS = YES;
				CLANG_WARN_EMPTY_BODY = YES;
				CLANG_WARN_ENUM_CONVERSION = YES;
				CLANG_WARN_INFINITE_RECURSION = YES;
				CLANG_WARN_INT_CONVERSION = YES;
				CLANG_WARN_NON_LITERAL_NULL_CONVERSION = YES;
				CLANG_WARN_OBJC_LITERAL_CONVERSION = YES;
				CLANG_WARN_OBJC_ROOT_CLASS = YES_ERROR;
				CLANG_WARN_RANGE_LOOP_ANALYSIS = YES;
				CLANG_WARN_STRICT_PROTOTYPES = YES;
				CLANG_WARN_SUSPICIOUS_MOVE = YES;
				CLANG_WARN_UNGUARDED_AVAILABILITY = YES_AGGRESSIVE;
				CLANG_WARN_UNREACHABLE_CODE = YES;
				CLANG_WARN__DUPLICATE_METHOD_MATCH = YES;
				CODE_SIGN_IDENTITY = "iPhone Developer";
				COPY_PHASE_STRIP = NO;
				DEBUG_INFORMATION_FORMAT = "dwarf-with-dsym";
				ENABLE_NS_ASSERTIONS = NO;
				ENABLE_STRICT_OBJC_MSGSEND = YES;
				GCC_C_LANGUAGE_STANDARD = gnu11;
				GCC_NO_COMMON_BLOCKS = YES;
				GCC_WARN_64_TO_32_BIT_CONVERSION = YES;
				GCC_WARN_ABOUT_RETURN_TYPE = YES_ERROR;
				GCC_WARN_UNDECLARED_SELECTOR = YES;
				GCC_WARN_UNINITIALIZED_AUTOS = YES_AGGRESSIVE;
				GCC_WARN_UNUSED_FUNCTION = YES;
				GCC_WARN_UNUSED_VARIABLE = YES;
				IPHONEOS_DEPLOYMENT_TARGET = 11.2;
				MTL_ENABLE_DEBUG_INFO = NO;
				SDKROOT = iphoneos;
				SWIFT_OPTIMIZATION_LEVEL = "-Owholemodule";
				VALIDATE_PRODUCT = YES;
			};
			name = Release;
		};
		83D9483F2073BADA00870EEF /* Debug */ = {
			isa = XCBuildConfiguration;
			baseConfigurationReference = 719511036B8AFA5D8CEA090D /* Pods-chitchat.debug.xcconfig */;
			buildSettings = {
				ASSETCATALOG_COMPILER_APPICON_NAME = AppIcon;
				CODE_SIGN_STYLE = Automatic;
				DEVELOPMENT_TEAM = CJYR4ZJ5FC;
				INFOPLIST_FILE = chitchat/Info.plist;
				LD_RUNPATH_SEARCH_PATHS = "$(inherited) @executable_path/Frameworks";
				PRODUCT_BUNDLE_IDENTIFIER = com.chrissbendel.chitchat;
				PRODUCT_NAME = "$(TARGET_NAME)";
				SWIFT_VERSION = 4.0;
				TARGETED_DEVICE_FAMILY = "1,2";
			};
			name = Debug;
		};
		83D948402073BADA00870EEF /* Release */ = {
			isa = XCBuildConfiguration;
			baseConfigurationReference = 8658FC4F4E960F93C9C9AF87 /* Pods-chitchat.release.xcconfig */;
			buildSettings = {
				ASSETCATALOG_COMPILER_APPICON_NAME = AppIcon;
				CODE_SIGN_STYLE = Automatic;
				DEVELOPMENT_TEAM = CJYR4ZJ5FC;
				INFOPLIST_FILE = chitchat/Info.plist;
				LD_RUNPATH_SEARCH_PATHS = "$(inherited) @executable_path/Frameworks";
				PRODUCT_BUNDLE_IDENTIFIER = com.chrissbendel.chitchat;
				PRODUCT_NAME = "$(TARGET_NAME)";
				SWIFT_VERSION = 4.0;
				TARGETED_DEVICE_FAMILY = "1,2";
			};
			name = Release;
		};
/* End XCBuildConfiguration section */

/* Begin XCConfigurationList section */
		83D948272073BADA00870EEF /* Build configuration list for PBXProject "chitchat" */ = {
			isa = XCConfigurationList;
			buildConfigurations = (
				83D9483C2073BADA00870EEF /* Debug */,
				83D9483D2073BADA00870EEF /* Release */,
			);
			defaultConfigurationIsVisible = 0;
			defaultConfigurationName = Release;
		};
		83D9483E2073BADA00870EEF /* Build configuration list for PBXNativeTarget "chitchat" */ = {
			isa = XCConfigurationList;
			buildConfigurations = (
				83D9483F2073BADA00870EEF /* Debug */,
				83D948402073BADA00870EEF /* Release */,
			);
			defaultConfigurationIsVisible = 0;
			defaultConfigurationName = Release;
		};
/* End XCConfigurationList section */
	};
	rootObject = 83D948242073BADA00870EEF /* Project object */;
}
